
Microsoft Visual Studio Solution File, Format Version 12.00
# Visual Studio 15
VisualStudioVersion = 15.0.26124.0
MinimumVisualStudioVersion = 15.0.26124.0
Project("{FAE04EC0-301F-11D3-BF4B-00C04F79EFBC}") = "Domain", "Domain\Domain.csproj", "{DE629CE3-3C2A-453E-98DB-1C61363AA789}"
EndProject
Project("{FAE04EC0-301F-11D3-BF4B-00C04F79EFBC}") = "API", "API\API.csproj", "{452A6D0F-DA17-48C5-B147-38F0B03910F0}"
EndProject
Project("{FAE04EC0-301F-11D3-BF4B-00C04F79EFBC}") = "Application", "Application\Application.csproj", "{9220C627-BFE7-4963-8AFD-B848778F6BAC}"
EndProject
Project("{FAE04EC0-301F-11D3-BF4B-00C04F79EFBC}") = "Persistence", "Persistence\Persistence.csproj", "{8DCF879E-608F-4CB9-BACB-83890033EA33}"
EndProject
Global
	GlobalSection(SolutionConfigurationPlatforms) = preSolution
		Debug|Any CPU = Debug|Any CPU
		Debug|x64 = Debug|x64
		Debug|x86 = Debug|x86
		Release|Any CPU = Release|Any CPU
		Release|x64 = Release|x64
		Release|x86 = Release|x86
	EndGlobalSection
	GlobalSection(SolutionProperties) = preSolution
		HideSolutionNode = FALSE
	EndGlobalSection
	GlobalSection(ProjectConfigurationPlatforms) = postSolution
		{DE629CE3-3C2A-453E-98DB-1C61363AA789}.Debug|Any CPU.ActiveCfg = Debug|Any CPU
		{DE629CE3-3C2A-453E-98DB-1C61363AA789}.Debug|Any CPU.Build.0 = Debug|Any CPU
		{DE629CE3-3C2A-453E-98DB-1C61363AA789}.Debug|x64.ActiveCfg = Debug|Any CPU
		{DE629CE3-3C2A-453E-98DB-1C61363AA789}.Debug|x64.Build.0 = Debug|Any CPU
		{DE629CE3-3C2A-453E-98DB-1C61363AA789}.Debug|x86.ActiveCfg = Debug|Any CPU
		{DE629CE3-3C2A-453E-98DB-1C61363AA789}.Debug|x86.Build.0 = Debug|Any CPU
		{DE629CE3-3C2A-453E-98DB-1C61363AA789}.Release|Any CPU.ActiveCfg = Release|Any CPU
		{DE629CE3-3C2A-453E-98DB-1C61363AA789}.Release|Any CPU.Build.0 = Release|Any CPU
		{DE629CE3-3C2A-453E-98DB-1C61363AA789}.Release|x64.ActiveCfg = Release|Any CPU
		{DE629CE3-3C2A-453E-98DB-1C61363AA789}.Release|x64.Build.0 = Release|Any CPU
		{DE629CE3-3C2A-453E-98DB-1C61363AA789}.Release|x86.ActiveCfg = Release|Any CPU
		{DE629CE3-3C2A-453E-98DB-1C61363AA789}.Release|x86.Build.0 = Release|Any CPU
		{452A6D0F-DA17-48C5-B147-38F0B03910F0}.Debug|Any CPU.ActiveCfg = Debug|Any CPU
		{452A6D0F-DA17-48C5-B147-38F0B03910F0}.Debug|Any CPU.Build.0 = Debug|Any CPU
		{452A6D0F-DA17-48C5-B147-38F0B03910F0}.Debug|x64.ActiveCfg = Debug|Any CPU
		{452A6D0F-DA17-48C5-B147-38F0B03910F0}.Debug|x64.Build.0 = Debug|Any CPU
		{452A6D0F-DA17-48C5-B147-38F0B03910F0}.Debug|x86.ActiveCfg = Debug|Any CPU
		{452A6D0F-DA17-48C5-B147-38F0B03910F0}.Debug|x86.Build.0 = Debug|Any CPU
		{452A6D0F-DA17-48C5-B147-38F0B03910F0}.Release|Any CPU.ActiveCfg = Release|Any CPU
		{452A6D0F-DA17-48C5-B147-38F0B03910F0}.Release|Any CPU.Build.0 = Release|Any CPU
		{452A6D0F-DA17-48C5-B147-38F0B03910F0}.Release|x64.ActiveCfg = Release|Any CPU
		{452A6D0F-DA17-48C5-B147-38F0B03910F0}.Release|x64.Build.0 = Release|Any CPU
		{452A6D0F-DA17-48C5-B147-38F0B03910F0}.Release|x86.ActiveCfg = Release|Any CPU
		{452A6D0F-DA17-48C5-B147-38F0B03910F0}.Release|x86.Build.0 = Release|Any CPU
		{9220C627-BFE7-4963-8AFD-B848778F6BAC}.Debug|Any CPU.ActiveCfg = Debug|Any CPU
		{9220C627-BFE7-4963-8AFD-B848778F6BAC}.Debug|Any CPU.Build.0 = Debug|Any CPU
		{9220C627-BFE7-4963-8AFD-B848778F6BAC}.Debug|x64.ActiveCfg = Debug|Any CPU
		{9220C627-BFE7-4963-8AFD-B848778F6BAC}.Debug|x64.Build.0 = Debug|Any CPU
		{9220C627-BFE7-4963-8AFD-B848778F6BAC}.Debug|x86.ActiveCfg = Debug|Any CPU
		{9220C627-BFE7-4963-8AFD-B848778F6BAC}.Debug|x86.Build.0 = Debug|Any CPU
		{9220C627-BFE7-4963-8AFD-B848778F6BAC}.Release|Any CPU.ActiveCfg = Release|Any CPU
		{9220C627-BFE7-4963-8AFD-B848778F6BAC}.Release|Any CPU.Build.0 = Release|Any CPU
		{9220C627-BFE7-4963-8AFD-B848778F6BAC}.Release|x64.ActiveCfg = Release|Any CPU
		{9220C627-BFE7-4963-8AFD-B848778F6BAC}.Release|x64.Build.0 = Release|Any CPU
		{9220C627-BFE7-4963-8AFD-B848778F6BAC}.Release|x86.ActiveCfg = Release|Any CPU
		{9220C627-BFE7-4963-8AFD-B848778F6BAC}.Release|x86.Build.0 = Release|Any CPU
		{8DCF879E-608F-4CB9-BACB-83890033EA33}.Debug|Any CPU.ActiveCfg = Debug|Any CPU
		{8DCF879E-608F-4CB9-BACB-83890033EA33}.Debug|Any CPU.Build.0 = Debug|Any CPU
		{8DCF879E-608F-4CB9-BACB-83890033EA33}.Debug|x64.ActiveCfg = Debug|Any CPU
		{8DCF879E-608F-4CB9-BACB-83890033EA33}.Debug|x64.Build.0 = Debug|Any CPU
		{8DCF879E-608F-4CB9-BACB-83890033EA33}.Debug|x86.ActiveCfg = Debug|Any CPU
		{8DCF879E-608F-4CB9-BACB-83890033EA33}.Debug|x86.Build.0 = Debug|Any CPU
		{8DCF879E-608F-4CB9-BACB-83890033EA33}.Release|Any CPU.ActiveCfg = Release|Any CPU
		{8DCF879E-608F-4CB9-BACB-83890033EA33}.Release|Any CPU.Build.0 = Release|Any CPU
		{8DCF879E-608F-4CB9-BACB-83890033EA33}.Release|x64.ActiveCfg = Release|Any CPU
		{8DCF879E-608F-4CB9-BACB-83890033EA33}.Release|x64.Build.0 = Release|Any CPU
		{8DCF879E-608F-4CB9-BACB-83890033EA33}.Release|x86.ActiveCfg = Release|Any CPU
		{8DCF879E-608F-4CB9-BACB-83890033EA33}.Release|x86.Build.0 = Release|Any CPU
	EndGlobalSection
EndGlobal
